// !$*UTF8*$!
{
	archiveVersion = 1;
	classes = {
	};
	objectVersion = 46;
	objects = {

/* Begin PBXBuildFile section */
		CD1AB13C154B0A4C00369EB3 /* CoreData.framework in Frameworks */ = {isa = PBXBuildFile; fileRef = CD1AB13B154B0A4C00369EB3 /* CoreData.framework */; };
		CD1AB140154B0A8300369EB3 /* DataModel.xcdatamodeld in Sources */ = {isa = PBXBuildFile; fileRef = CD1AB13E154B0A8300369EB3 /* DataModel.xcdatamodeld */; };
		CD1AB143154B0BD400369EB3 /* Location.m in Sources */ = {isa = PBXBuildFile; fileRef = CD1AB142154B0BD400369EB3 /* Location.m */; };
		CD685A42154A61F80005BE20 /* LocationDetailsViewController.m in Sources */ = {isa = PBXBuildFile; fileRef = CD685A41154A61F80005BE20 /* LocationDetailsViewController.m */; };
		CD685A45154A754F0005BE20 /* CategoryPickerViewController.m in Sources */ = {isa = PBXBuildFile; fileRef = CD685A44154A754F0005BE20 /* CategoryPickerViewController.m */; };
		CD685A48154A7FE90005BE20 /* HudView.m in Sources */ = {isa = PBXBuildFile; fileRef = CD685A47154A7FE90005BE20 /* HudView.m */; };
		CD685A4B154A82290005BE20 /* Checkmark.png in Resources */ = {isa = PBXBuildFile; fileRef = CD685A49154A82290005BE20 /* Checkmark.png */; };
		CD685A4C154A82290005BE20 /* Checkmark@2x.png in Resources */ = {isa = PBXBuildFile; fileRef = CD685A4A154A82290005BE20 /* Checkmark@2x.png */; };
		CD78FB221549D994006B42B7 /* CoreLocation.framework in Frameworks */ = {isa = PBXBuildFile; fileRef = CD78FB211549D994006B42B7 /* CoreLocation.framework */; };
		CD7DCFF61549CDA200B9A28F /* UIKit.framework in Frameworks */ = {isa = PBXBuildFile; fileRef = CD7DCFF51549CDA200B9A28F /* UIKit.framework */; };
		CD7DCFF81549CDA200B9A28F /* Foundation.framework in Frameworks */ = {isa = PBXBuildFile; fileRef = CD7DCFF71549CDA200B9A28F /* Foundation.framework */; };
		CD7DCFFA1549CDA200B9A28F /* CoreGraphics.framework in Frameworks */ = {isa = PBXBuildFile; fileRef = CD7DCFF91549CDA200B9A28F /* CoreGraphics.framework */; };
		CD7DD0001549CDA200B9A28F /* InfoPlist.strings in Resources */ = {isa = PBXBuildFile; fileRef = CD7DCFFE1549CDA200B9A28F /* InfoPlist.strings */; };
		CD7DD0021549CDA200B9A28F /* main.m in Sources */ = {isa = PBXBuildFile; fileRef = CD7DD0011549CDA200B9A28F /* main.m */; };
		CD7DD0061549CDA200B9A28F /* AppDelegate.m in Sources */ = {isa = PBXBuildFile; fileRef = CD7DD0051549CDA200B9A28F /* AppDelegate.m */; };
		CD7DD0091549CDA200B9A28F /* MainStoryboard.storyboard in Resources */ = {isa = PBXBuildFile; fileRef = CD7DD0071549CDA200B9A28F /* MainStoryboard.storyboard */; };
		CD7DD00C1549CDA200B9A28F /* CurrentLocationViewController.m in Sources */ = {isa = PBXBuildFile; fileRef = CD7DD00B1549CDA200B9A28F /* CurrentLocationViewController.m */; };
		CD83AC71154BC0E400FE7D9F /* LocationsViewController.m in Sources */ = {isa = PBXBuildFile; fileRef = CD83AC70154BC0E400FE7D9F /* LocationsViewController.m */; };
		CDB2E01B154CE0DE004627E4 /* MapKit.framework in Frameworks */ = {isa = PBXBuildFile; fileRef = CDB2E01A154CE0DE004627E4 /* MapKit.framework */; };
		CDB2E01F154CE2AA004627E4 /* MapViewController.m in Sources */ = {isa = PBXBuildFile; fileRef = CDB2E01E154CE2AA004627E4 /* MapViewController.m */; };
		CDB2E022154D19E5004627E4 /* UIImage+Resize.m in Sources */ = {isa = PBXBuildFile; fileRef = CDB2E021154D19E5004627E4 /* UIImage+Resize.m */; };
		CDB2E025154D1EE0004627E4 /* NSMutableString+AddText.m in Sources */ = {isa = PBXBuildFile; fileRef = CDB2E024154D1EDF004627E4 /* NSMutableString+AddText.m */; };
		CDB2E02E154D20BC004627E4 /* Icon-72.png in Resources */ = {isa = PBXBuildFile; fileRef = CDB2E027154D20BC004627E4 /* Icon-72.png */; };
		CDB2E02F154D20BC004627E4 /* Icon-Small-50.png in Resources */ = {isa = PBXBuildFile; fileRef = CDB2E028154D20BC004627E4 /* Icon-Small-50.png */; };
		CDB2E030154D20BC004627E4 /* Icon-Small.png in Resources */ = {isa = PBXBuildFile; fileRef = CDB2E029154D20BC004627E4 /* Icon-Small.png */; };
		CDB2E031154D20BC004627E4 /* Icon-Small@2x.png in Resources */ = {isa = PBXBuildFile; fileRef = CDB2E02A154D20BC004627E4 /* Icon-Small@2x.png */; };
		CDB2E032154D20BC004627E4 /* Icon.png in Resources */ = {isa = PBXBuildFile; fileRef = CDB2E02B154D20BC004627E4 /* Icon.png */; };
		CDB2E033154D20BC004627E4 /* Icon@2x.png in Resources */ = {isa = PBXBuildFile; fileRef = CDB2E02C154D20BC004627E4 /* Icon@2x.png */; };
		CDB2E034154D20BC004627E4 /* iTunesArtwork in Resources */ = {isa = PBXBuildFile; fileRef = CDB2E02D154D20BC004627E4 /* iTunesArtwork */; };
		CDB2E050154D2241004627E4 /* Background.png in Resources */ = {isa = PBXBuildFile; fileRef = CDB2E036154D2241004627E4 /* Background.png */; };
		CDB2E051154D2241004627E4 /* Background@2x.png in Resources */ = {isa = PBXBuildFile; fileRef = CDB2E037154D2241004627E4 /* Background@2x.png */; };
		CDB2E052154D2241004627E4 /* BlueButton.png in Resources */ = {isa = PBXBuildFile; fileRef = CDB2E038154D2241004627E4 /* BlueButton.png */; };
		CDB2E053154D2241004627E4 /* BlueButton@2x.png in Resources */ = {isa = PBXBuildFile; fileRef = CDB2E039154D2241004627E4 /* BlueButton@2x.png */; };
		CDB2E054154D2241004627E4 /* BlueButtonPressed.png in Resources */ = {isa = PBXBuildFile; fileRef = CDB2E03A154D2241004627E4 /* BlueButtonPressed.png */; };
		CDB2E055154D2241004627E4 /* BlueButtonPressed@2x.png in Resources */ = {isa = PBXBuildFile; fileRef = CDB2E03B154D2241004627E4 /* BlueButtonPressed@2x.png */; };
		CDB2E058154D2241004627E4 /* Locations.png in Resources */ = {isa = PBXBuildFile; fileRef = CDB2E03E154D2241004627E4 /* Locations.png */; };
		CDB2E059154D2241004627E4 /* Locations@2x.png in Resources */ = {isa = PBXBuildFile; fileRef = CDB2E03F154D2241004627E4 /* Locations@2x.png */; };
		CDB2E05A154D2241004627E4 /* Logo.png in Resources */ = {isa = PBXBuildFile; fileRef = CDB2E040154D2241004627E4 /* Logo.png */; };
		CDB2E05B154D2241004627E4 /* Logo@2x.png in Resources */ = {isa = PBXBuildFile; fileRef = CDB2E041154D2241004627E4 /* Logo@2x.png */; };
		CDB2E05C154D2241004627E4 /* Map.png in Resources */ = {isa = PBXBuildFile; fileRef = CDB2E042154D2241004627E4 /* Map.png */; };
		CDB2E05D154D2241004627E4 /* Map@2x.png in Resources */ = {isa = PBXBuildFile; fileRef = CDB2E043154D2241004627E4 /* Map@2x.png */; };
		CDB2E05E154D2241004627E4 /* Panel.png in Resources */ = {isa = PBXBuildFile; fileRef = CDB2E044154D2241004627E4 /* Panel.png */; };
		CDB2E05F154D2241004627E4 /* Panel@2x.png in Resources */ = {isa = PBXBuildFile; fileRef = CDB2E045154D2241004627E4 /* Panel@2x.png */; };
		CDB2E060154D2241004627E4 /* Pin.png in Resources */ = {isa = PBXBuildFile; fileRef = CDB2E046154D2241004627E4 /* Pin.png */; };
		CDB2E061154D2241004627E4 /* Pin@2x.png in Resources */ = {isa = PBXBuildFile; fileRef = CDB2E047154D2241004627E4 /* Pin@2x.png */; };
		CDB2E062154D2241004627E4 /* Tag.png in Resources */ = {isa = PBXBuildFile; fileRef = CDB2E048154D2241004627E4 /* Tag.png */; };
		CDB2E063154D2241004627E4 /* Tag@2x.png in Resources */ = {isa = PBXBuildFile; fileRef = CDB2E049154D2241004627E4 /* Tag@2x.png */; };
		CDB2E064154D2241004627E4 /* User.png in Resources */ = {isa = PBXBuildFile; fileRef = CDB2E04A154D2241004627E4 /* User.png */; };
		CDB2E065154D2241004627E4 /* User@2x.png in Resources */ = {isa = PBXBuildFile; fileRef = CDB2E04B154D2241004627E4 /* User@2x.png */; };
		CDB2E066154D2241004627E4 /* YellowButton.png in Resources */ = {isa = PBXBuildFile; fileRef = CDB2E04C154D2241004627E4 /* YellowButton.png */; };
		CDB2E067154D2241004627E4 /* YellowButton@2x.png in Resources */ = {isa = PBXBuildFile; fileRef = CDB2E04D154D2241004627E4 /* YellowButton@2x.png */; };
		CDB2E068154D2241004627E4 /* YellowButtonPressed.png in Resources */ = {isa = PBXBuildFile; fileRef = CDB2E04E154D2241004627E4 /* YellowButtonPressed.png */; };
		CDB2E069154D2241004627E4 /* YellowButtonPressed@2x.png in Resources */ = {isa = PBXBuildFile; fileRef = CDB2E04F154D2241004627E4 /* YellowButtonPressed@2x.png */; };
		CDB2E06B154D2DF3004627E4 /* AudioToolbox.framework in Frameworks */ = {isa = PBXBuildFile; fileRef = CDB2E06A154D2DF3004627E4 /* AudioToolbox.framework */; };
		CDB2E06E154D2E1A004627E4 /* Sound.caf in Resources */ = {isa = PBXBuildFile; fileRef = CDB2E06D154D2E1A004627E4 /* Sound.caf */; };
		CDB2E070154D3199004627E4 /* QuartzCore.framework in Frameworks */ = {isa = PBXBuildFile; fileRef = CDB2E06F154D3199004627E4 /* QuartzCore.framework */; };
		CDB2E074154D3287004627E4 /* Default.png in Resources */ = {isa = PBXBuildFile; fileRef = CDB2E072154D3287004627E4 /* Default.png */; };
		CDB2E075154D3287004627E4 /* Default@2x.png in Resources */ = {isa = PBXBuildFile; fileRef = CDB2E073154D3287004627E4 /* Default@2x.png */; };
		CDF5A88B154BC6E80022D95E /* LocationCell.m in Sources */ = {isa = PBXBuildFile; fileRef = CDF5A88A154BC6E80022D95E /* LocationCell.m */; };
/* End PBXBuildFile section */

/* Begin PBXFileReference section */
		CD1AB13B154B0A4C00369EB3 /* CoreData.framework */ = {isa = PBXFileReference; lastKnownFileType = wrapper.framework; name = CoreData.framework; path = System/Library/Frameworks/CoreData.framework; sourceTree = SDKROOT; };
		CD1AB13F154B0A8300369EB3 /* DataModel.xcdatamodel */ = {isa = PBXFileReference; lastKnownFileType = wrapper.xcdatamodel; path = DataModel.xcdatamodel; sourceTree = "<group>"; };
		CD1AB141154B0BD400369EB3 /* Location.h */ = {isa = PBXFileReference; fileEncoding = 4; lastKnownFileType = sourcecode.c.h; path = Location.h; sourceTree = "<group>"; };
		CD1AB142154B0BD400369EB3 /* Location.m */ = {isa = PBXFileReference; fileEncoding = 4; lastKnownFileType = sourcecode.c.objc; path = Location.m; sourceTree = "<group>"; };
		CD685A40154A61F80005BE20 /* LocationDetailsViewController.h */ = {isa = PBXFileReference; fileEncoding = 4; lastKnownFileType = sourcecode.c.h; path = LocationDetailsViewController.h; sourceTree = "<group>"; };
		CD685A41154A61F80005BE20 /* LocationDetailsViewController.m */ = {isa = PBXFileReference; fileEncoding = 4; lastKnownFileType = sourcecode.c.objc; path = LocationDetailsViewController.m; sourceTree = "<group>"; };
		CD685A43154A754F0005BE20 /* CategoryPickerViewController.h */ = {isa = PBXFileReference; fileEncoding = 4; lastKnownFileType = sourcecode.c.h; path = CategoryPickerViewController.h; sourceTree = "<group>"; };
		CD685A44154A754F0005BE20 /* CategoryPickerViewController.m */ = {isa = PBXFileReference; fileEncoding = 4; lastKnownFileType = sourcecode.c.objc; path = CategoryPickerViewController.m; sourceTree = "<group>"; };
		CD685A46154A7FE90005BE20 /* HudView.h */ = {isa = PBXFileReference; fileEncoding = 4; lastKnownFileType = sourcecode.c.h; path = HudView.h; sourceTree = "<group>"; };
		CD685A47154A7FE90005BE20 /* HudView.m */ = {isa = PBXFileReference; fileEncoding = 4; lastKnownFileType = sourcecode.c.objc; path = HudView.m; sourceTree = "<group>"; };
		CD685A49154A82290005BE20 /* Checkmark.png */ = {isa = PBXFileReference; lastKnownFileType = image.png; path = Checkmark.png; sourceTree = "<group>"; };
		CD685A4A154A82290005BE20 /* Checkmark@2x.png */ = {isa = PBXFileReference; lastKnownFileType = image.png; path = "Checkmark@2x.png"; sourceTree = "<group>"; };
		CD78FB211549D994006B42B7 /* CoreLocation.framework */ = {isa = PBXFileReference; lastKnownFileType = wrapper.framework; name = CoreLocation.framework; path = System/Library/Frameworks/CoreLocation.framework; sourceTree = SDKROOT; };
		CD7DCFF11549CDA200B9A28F /* MyLocations.app */ = {isa = PBXFileReference; explicitFileType = wrapper.application; includeInIndex = 0; path = MyLocations.app; sourceTree = BUILT_PRODUCTS_DIR; };
		CD7DCFF51549CDA200B9A28F /* UIKit.framework */ = {isa = PBXFileReference; lastKnownFileType = wrapper.framework; name = UIKit.framework; path = System/Library/Frameworks/UIKit.framework; sourceTree = SDKROOT; };
		CD7DCFF71549CDA200B9A28F /* Foundation.framework */ = {isa = PBXFileReference; lastKnownFileType = wrapper.framework; name = Foundation.framework; path = System/Library/Frameworks/Foundation.framework; sourceTree = SDKROOT; };
		CD7DCFF91549CDA200B9A28F /* CoreGraphics.framework */ = {isa = PBXFileReference; lastKnownFileType = wrapper.framework; name = CoreGraphics.framework; path = System/Library/Frameworks/CoreGraphics.framework; sourceTree = SDKROOT; };
		CD7DCFFD1549CDA200B9A28F /* MyLocations-Info.plist */ = {isa = PBXFileReference; lastKnownFileType = text.plist.xml; path = "MyLocations-Info.plist"; sourceTree = "<group>"; };
		CD7DCFFF1549CDA200B9A28F /* en */ = {isa = PBXFileReference; lastKnownFileType = text.plist.strings; name = en; path = en.lproj/InfoPlist.strings; sourceTree = "<group>"; };
		CD7DD0011549CDA200B9A28F /* main.m */ = {isa = PBXFileReference; lastKnownFileType = sourcecode.c.objc; path = main.m; sourceTree = "<group>"; };
		CD7DD0031549CDA200B9A28F /* MyLocations-Prefix.pch */ = {isa = PBXFileReference; lastKnownFileType = sourcecode.c.h; path = "MyLocations-Prefix.pch"; sourceTree = "<group>"; };
		CD7DD0041549CDA200B9A28F /* AppDelegate.h */ = {isa = PBXFileReference; lastKnownFileType = sourcecode.c.h; path = AppDelegate.h; sourceTree = "<group>"; };
		CD7DD0051549CDA200B9A28F /* AppDelegate.m */ = {isa = PBXFileReference; lastKnownFileType = sourcecode.c.objc; path = AppDelegate.m; sourceTree = "<group>"; };
		CD7DD0081549CDA200B9A28F /* en */ = {isa = PBXFileReference; lastKnownFileType = file.storyboard; name = en; path = en.lproj/MainStoryboard.storyboard; sourceTree = "<group>"; };
		CD7DD00A1549CDA200B9A28F /* CurrentLocationViewController.h */ = {isa = PBXFileReference; lastKnownFileType = sourcecode.c.h; path = CurrentLocationViewController.h; sourceTree = "<group>"; };
		CD7DD00B1549CDA200B9A28F /* CurrentLocationViewController.m */ = {isa = PBXFileReference; lastKnownFileType = sourcecode.c.objc; path = CurrentLocationViewController.m; sourceTree = "<group>"; };
		CD83AC6F154BC0E400FE7D9F /* LocationsViewController.h */ = {isa = PBXFileReference; fileEncoding = 4; lastKnownFileType = sourcecode.c.h; path = LocationsViewController.h; sourceTree = "<group>"; };
		CD83AC70154BC0E400FE7D9F /* LocationsViewController.m */ = {isa = PBXFileReference; fileEncoding = 4; lastKnownFileType = sourcecode.c.objc; path = LocationsViewController.m; sourceTree = "<group>"; };
		CDB2E01A154CE0DE004627E4 /* MapKit.framework */ = {isa = PBXFileReference; lastKnownFileType = wrapper.framework; name = MapKit.framework; path = System/Library/Frameworks/MapKit.framework; sourceTree = SDKROOT; };
		CDB2E01D154CE2AA004627E4 /* MapViewController.h */ = {isa = PBXFileReference; fileEncoding = 4; lastKnownFileType = sourcecode.c.h; path = MapViewController.h; sourceTree = "<group>"; };
		CDB2E01E154CE2AA004627E4 /* MapViewController.m */ = {isa = PBXFileReference; fileEncoding = 4; lastKnownFileType = sourcecode.c.objc; path = MapViewController.m; sourceTree = "<group>"; };
		CDB2E020154D19E5004627E4 /* UIImage+Resize.h */ = {isa = PBXFileReference; fileEncoding = 4; lastKnownFileType = sourcecode.c.h; path = "UIImage+Resize.h"; sourceTree = "<group>"; };
		CDB2E021154D19E5004627E4 /* UIImage+Resize.m */ = {isa = PBXFileReference; fileEncoding = 4; lastKnownFileType = sourcecode.c.objc; path = "UIImage+Resize.m"; sourceTree = "<group>"; };
		CDB2E023154D1EDF004627E4 /* NSMutableString+AddText.h */ = {isa = PBXFileReference; fileEncoding = 4; lastKnownFileType = sourcecode.c.h; path = "NSMutableString+AddText.h"; sourceTree = "<group>"; };
		CDB2E024154D1EDF004627E4 /* NSMutableString+AddText.m */ = {isa = PBXFileReference; fileEncoding = 4; lastKnownFileType = sourcecode.c.objc; path = "NSMutableString+AddText.m"; sourceTree = "<group>"; };
		CDB2E027154D20BC004627E4 /* Icon-72.png */ = {isa = PBXFileReference; lastKnownFileType = image.png; path = "Icon-72.png"; sourceTree = "<group>"; };
		CDB2E028154D20BC004627E4 /* Icon-Small-50.png */ = {isa = PBXFileReference; lastKnownFileType = image.png; path = "Icon-Small-50.png"; sourceTree = "<group>"; };
		CDB2E029154D20BC004627E4 /* Icon-Small.png */ = {isa = PBXFileReference; lastKnownFileType = image.png; path = "Icon-Small.png"; sourceTree = "<group>"; };
		CDB2E02A154D20BC004627E4 /* Icon-Small@2x.png */ = {isa = PBXFileReference; lastKnownFileType = image.png; path = "Icon-Small@2x.png"; sourceTree = "<group>"; };
		CDB2E02B154D20BC004627E4 /* Icon.png */ = {isa = PBXFileReference; lastKnownFileType = image.png; path = Icon.png; sourceTree = "<group>"; };
		CDB2E02C154D20BC004627E4 /* Icon@2x.png */ = {isa = PBXFileReference; lastKnownFileType = image.png; path = "Icon@2x.png"; sourceTree = "<group>"; };
		CDB2E02D154D20BC004627E4 /* iTunesArtwork */ = {isa = PBXFileReference; lastKnownFileType = file; path = iTunesArtwork; sourceTree = "<group>"; };
		CDB2E036154D2241004627E4 /* Background.png */ = {isa = PBXFileReference; lastKnownFileType = image.png; path = Background.png; sourceTree = "<group>"; };
		CDB2E037154D2241004627E4 /* Background@2x.png */ = {isa = PBXFileReference; lastKnownFileType = image.png; path = "Background@2x.png"; sourceTree = "<group>"; };
		CDB2E038154D2241004627E4 /* BlueButton.png */ = {isa = PBXFileReference; lastKnownFileType = image.png; path = BlueButton.png; sourceTree = "<group>"; };
		CDB2E039154D2241004627E4 /* BlueButton@2x.png */ = {isa = PBXFileReference; lastKnownFileType = image.png; path = "BlueButton@2x.png"; sourceTree = "<group>"; };
		CDB2E03A154D2241004627E4 /* BlueButtonPressed.png */ = {isa = PBXFileReference; lastKnownFileType = image.png; path = BlueButtonPressed.png; sourceTree = "<group>"; };
		CDB2E03B154D2241004627E4 /* BlueButtonPressed@2x.png */ = {isa = PBXFileReference; lastKnownFileType = image.png; path = "BlueButtonPressed@2x.png"; sourceTree = "<group>"; };
		CDB2E03E154D2241004627E4 /* Locations.png */ = {isa = PBXFileReference; lastKnownFileType = image.png; path = Locations.png; sourceTree = "<group>"; };
		CDB2E03F154D2241004627E4 /* Locations@2x.png */ = {isa = PBXFileReference; lastKnownFileType = image.png; path = "Locations@2x.png"; sourceTree = "<group>"; };
		CDB2E040154D2241004627E4 /* Logo.png */ = {isa = PBXFileReference; lastKnownFileType = image.png; path = Logo.png; sourceTree = "<group>"; };
		CDB2E041154D2241004627E4 /* Logo@2x.png */ = {isa = PBXFileReference; lastKnownFileType = image.png; path = "Logo@2x.png"; sourceTree = "<group>"; };
		CDB2E042154D2241004627E4 /* Map.png */ = {isa = PBXFileReference; lastKnownFileType = image.png; path = Map.png; sourceTree = "<group>"; };
		CDB2E043154D2241004627E4 /* Map@2x.png */ = {isa = PBXFileReference; lastKnownFileType = image.png; path = "Map@2x.png"; sourceTree = "<group>"; };
		CDB2E044154D2241004627E4 /* Panel.png */ = {isa = PBXFileReference; lastKnownFileType = image.png; path = Panel.png; sourceTree = "<group>"; };
		CDB2E045154D2241004627E4 /* Panel@2x.png */ = {isa = PBXFileReference; lastKnownFileType = image.png; path = "Panel@2x.png"; sourceTree = "<group>"; };
		CDB2E046154D2241004627E4 /* Pin.png */ = {isa = PBXFileReference; lastKnownFileType = image.png; path = Pin.png; sourceTree = "<group>"; };
		CDB2E047154D2241004627E4 /* Pin@2x.png */ = {isa = PBXFileReference; lastKnownFileType = image.png; path = "Pin@2x.png"; sourceTree = "<group>"; };
		CDB2E048154D2241004627E4 /* Tag.png */ = {isa = PBXFileReference; lastKnownFileType = image.png; path = Tag.png; sourceTree = "<group>"; };
		CDB2E049154D2241004627E4 /* Tag@2x.png */ = {isa = PBXFileReference; lastKnownFileType = image.png; path = "Tag@2x.png"; sourceTree = "<group>"; };
		CDB2E04A154D2241004627E4 /* User.png */ = {isa = PBXFileReference; lastKnownFileType = image.png; path = User.png; sourceTree = "<group>"; };
		CDB2E04B154D2241004627E4 /* User@2x.png */ = {isa = PBXFileReference; lastKnownFileType = image.png; path = "User@2x.png"; sourceTree = "<group>"; };
		CDB2E04C154D2241004627E4 /* YellowButton.png */ = {isa = PBXFileReference; lastKnownFileType = image.png; path = YellowButton.png; sourceTree = "<group>"; };
		CDB2E04D154D2241004627E4 /* YellowButton@2x.png */ = {isa = PBXFileReference; lastKnownFileType = image.png; path = "YellowButton@2x.png"; sourceTree = "<group>"; };
		CDB2E04E154D2241004627E4 /* YellowButtonPressed.png */ = {isa = PBXFileReference; lastKnownFileType = image.png; path = YellowButtonPressed.png; sourceTree = "<group>"; };
		CDB2E04F154D2241004627E4 /* YellowButtonPressed@2x.png */ = {isa = PBXFileReference; lastKnownFileType = image.png; path = "YellowButtonPressed@2x.png"; sourceTree = "<group>"; };
		CDB2E06A154D2DF3004627E4 /* AudioToolbox.framework */ = {isa = PBXFileReference; lastKnownFileType = wrapper.framework; name = AudioToolbox.framework; path = System/Library/Frameworks/AudioToolbox.framework; sourceTree = SDKROOT; };
		CDB2E06D154D2E1A004627E4 /* Sound.caf */ = {isa = PBXFileReference; lastKnownFileType = file; path = Sound.caf; sourceTree = "<group>"; };
		CDB2E06F154D3199004627E4 /* QuartzCore.framework */ = {isa = PBXFileReference; lastKnownFileType = wrapper.framework; name = QuartzCore.framework; path = System/Library/Frameworks/QuartzCore.framework; sourceTree = SDKROOT; };
		CDB2E072154D3287004627E4 /* Default.png */ = {isa = PBXFileReference; lastKnownFileType = image.png; path = Default.png; sourceTree = "<group>"; };
		CDB2E073154D3287004627E4 /* Default@2x.png */ = {isa = PBXFileReference; lastKnownFileType = image.png; path = "Default@2x.png"; sourceTree = "<group>"; };
		CDF5A889154BC6E80022D95E /* LocationCell.h */ = {isa = PBXFileReference; fileEncoding = 4; lastKnownFileType = sourcecode.c.h; path = LocationCell.h; sourceTree = "<group>"; };
		CDF5A88A154BC6E80022D95E /* LocationCell.m */ = {isa = PBXFileReference; fileEncoding = 4; lastKnownFileType = sourcecode.c.objc; path = LocationCell.m; sourceTree = "<group>"; };
/* End PBXFileReference section */

/* Begin PBXFrameworksBuildPhase section */
		CD7DCFEE1549CDA200B9A28F /* Frameworks */ = {
			isa = PBXFrameworksBuildPhase;
			buildActionMask = 2147483647;
			files = (
				CDB2E070154D3199004627E4 /* QuartzCore.framework in Frameworks */,
				CDB2E06B154D2DF3004627E4 /* AudioToolbox.framework in Frameworks */,
				CDB2E01B154CE0DE004627E4 /* MapKit.framework in Frameworks */,
				CD1AB13C154B0A4C00369EB3 /* CoreData.framework in Frameworks */,
				CD78FB221549D994006B42B7 /* CoreLocation.framework in Frameworks */,
				CD7DCFF61549CDA200B9A28F /* UIKit.framework in Frameworks */,
				CD7DCFF81549CDA200B9A28F /* Foundation.framework in Frameworks */,
				CD7DCFFA1549CDA200B9A28F /* CoreGraphics.framework in Frameworks */,
			);
			runOnlyForDeploymentPostprocessing = 0;
		};
/* End PBXFrameworksBuildPhase section */

/* Begin PBXGroup section */
		CD7DCFE61549CDA200B9A28F = {
			isa = PBXGroup;
			children = (
				CDB2E071154D3287004627E4 /* Launch Images */,
				CDB2E06F154D3199004627E4 /* QuartzCore.framework */,
				CDB2E06C154D2E1A004627E4 /* Sound */,
				CDB2E06A154D2DF3004627E4 /* AudioToolbox.framework */,
				CDB2E035154D2241004627E4 /* Images */,
				CDB2E026154D20BC004627E4 /* Icon */,
				CD7DCFFB1549CDA200B9A28F /* MyLocations */,
				CD7DCFF41549CDA200B9A28F /* Frameworks */,
				CD7DCFF21549CDA200B9A28F /* Products */,
			);
			sourceTree = "<group>";
		};
		CD7DCFF21549CDA200B9A28F /* Products */ = {
			isa = PBXGroup;
			children = (
				CD7DCFF11549CDA200B9A28F /* MyLocations.app */,
			);
			name = Products;
			sourceTree = "<group>";
		};
		CD7DCFF41549CDA200B9A28F /* Frameworks */ = {
			isa = PBXGroup;
			children = (
				CDB2E01A154CE0DE004627E4 /* MapKit.framework */,
				CD1AB13B154B0A4C00369EB3 /* CoreData.framework */,
				CD78FB211549D994006B42B7 /* CoreLocation.framework */,
				CD7DCFF51549CDA200B9A28F /* UIKit.framework */,
				CD7DCFF71549CDA200B9A28F /* Foundation.framework */,
				CD7DCFF91549CDA200B9A28F /* CoreGraphics.framework */,
			);
			name = Frameworks;
			sourceTree = "<group>";
		};
		CD7DCFFB1549CDA200B9A28F /* MyLocations */ = {
			isa = PBXGroup;
			children = (
				CD7DD0041549CDA200B9A28F /* AppDelegate.h */,
				CD7DD0051549CDA200B9A28F /* AppDelegate.m */,
				CD7DD0071549CDA200B9A28F /* MainStoryboard.storyboard */,
				CD7DD00A1549CDA200B9A28F /* CurrentLocationViewController.h */,
				CD7DD00B1549CDA200B9A28F /* CurrentLocationViewController.m */,
				CD7DCFFC1549CDA200B9A28F /* Supporting Files */,
				CD685A40154A61F80005BE20 /* LocationDetailsViewController.h */,
				CD685A41154A61F80005BE20 /* LocationDetailsViewController.m */,
				CD685A43154A754F0005BE20 /* CategoryPickerViewController.h */,
				CD685A44154A754F0005BE20 /* CategoryPickerViewController.m */,
				CD685A46154A7FE90005BE20 /* HudView.h */,
				CD685A47154A7FE90005BE20 /* HudView.m */,
				CD1AB13E154B0A8300369EB3 /* DataModel.xcdatamodeld */,
				CD1AB141154B0BD400369EB3 /* Location.h */,
				CD1AB142154B0BD400369EB3 /* Location.m */,
				CD83AC6F154BC0E400FE7D9F /* LocationsViewController.h */,
				CD83AC70154BC0E400FE7D9F /* LocationsViewController.m */,
				CDF5A889154BC6E80022D95E /* LocationCell.h */,
				CDF5A88A154BC6E80022D95E /* LocationCell.m */,
				CDB2E01D154CE2AA004627E4 /* MapViewController.h */,
				CDB2E01E154CE2AA004627E4 /* MapViewController.m */,
				CDB2E020154D19E5004627E4 /* UIImage+Resize.h */,
				CDB2E021154D19E5004627E4 /* UIImage+Resize.m */,
				CDB2E023154D1EDF004627E4 /* NSMutableString+AddText.h */,
				CDB2E024154D1EDF004627E4 /* NSMutableString+AddText.m */,
			);
			path = MyLocations;
			sourceTree = "<group>";
		};
		CD7DCFFC1549CDA200B9A28F /* Supporting Files */ = {
			isa = PBXGroup;
			children = (
				CD7DCFFD1549CDA200B9A28F /* MyLocations-Info.plist */,
				CD7DCFFE1549CDA200B9A28F /* InfoPlist.strings */,
				CD7DD0011549CDA200B9A28F /* main.m */,
				CD7DD0031549CDA200B9A28F /* MyLocations-Prefix.pch */,
			);
			name = "Supporting Files";
			sourceTree = "<group>";
		};
		CDB2E026154D20BC004627E4 /* Icon */ = {
			isa = PBXGroup;
			children = (
				CDB2E027154D20BC004627E4 /* Icon-72.png */,
				CDB2E028154D20BC004627E4 /* Icon-Small-50.png */,
				CDB2E029154D20BC004627E4 /* Icon-Small.png */,
				CDB2E02A154D20BC004627E4 /* Icon-Small@2x.png */,
				CDB2E02B154D20BC004627E4 /* Icon.png */,
				CDB2E02C154D20BC004627E4 /* Icon@2x.png */,
				CDB2E02D154D20BC004627E4 /* iTunesArtwork */,
			);
			name = Icon;
			path = "../../../../Downloads/The iOS Apprentice/Chapter 3 - MyLocations/Resources/Icon";
			sourceTree = "<group>";
		};
		CDB2E035154D2241004627E4 /* Images */ = {
			isa = PBXGroup;
			children = (
				CD685A49154A82290005BE20 /* Checkmark.png */,
				CD685A4A154A82290005BE20 /* Checkmark@2x.png */,
				CDB2E036154D2241004627E4 /* Background.png */,
				CDB2E037154D2241004627E4 /* Background@2x.png */,
				CDB2E038154D2241004627E4 /* BlueButton.png */,
				CDB2E039154D2241004627E4 /* BlueButton@2x.png */,
				CDB2E03A154D2241004627E4 /* BlueButtonPressed.png */,
				CDB2E03B154D2241004627E4 /* BlueButtonPressed@2x.png */,
				CDB2E03E154D2241004627E4 /* Locations.png */,
				CDB2E03F154D2241004627E4 /* Locations@2x.png */,
				CDB2E040154D2241004627E4 /* Logo.png */,
				CDB2E041154D2241004627E4 /* Logo@2x.png */,
				CDB2E042154D2241004627E4 /* Map.png */,
				CDB2E043154D2241004627E4 /* Map@2x.png */,
				CDB2E044154D2241004627E4 /* Panel.png */,
				CDB2E045154D2241004627E4 /* Panel@2x.png */,
				CDB2E046154D2241004627E4 /* Pin.png */,
				CDB2E047154D2241004627E4 /* Pin@2x.png */,
				CDB2E048154D2241004627E4 /* Tag.png */,
				CDB2E049154D2241004627E4 /* Tag@2x.png */,
				CDB2E04A154D2241004627E4 /* User.png */,
				CDB2E04B154D2241004627E4 /* User@2x.png */,
				CDB2E04C154D2241004627E4 /* YellowButton.png */,
				CDB2E04D154D2241004627E4 /* YellowButton@2x.png */,
				CDB2E04E154D2241004627E4 /* YellowButtonPressed.png */,
				CDB2E04F154D2241004627E4 /* YellowButtonPressed@2x.png */,
			);
			name = Images;
			path = "../../../../Downloads/The iOS Apprentice/Chapter 3 - MyLocations/Resources/Images";
			sourceTree = "<group>";
		};
		CDB2E06C154D2E1A004627E4 /* Sound */ = {
			isa = PBXGroup;
			children = (
				CDB2E06D154D2E1A004627E4 /* Sound.caf */,
			);
			name = Sound;
			path = "../../../../Downloads/The iOS Apprentice/Chapter 3 - MyLocations/Resources/Sound";
			sourceTree = "<group>";
		};
		CDB2E071154D3287004627E4 /* Launch Images */ = {
			isa = PBXGroup;
			children = (
				CDB2E072154D3287004627E4 /* Default.png */,
				CDB2E073154D3287004627E4 /* Default@2x.png */,
			);
			name = "Launch Images";
			path = "../../../../Downloads/The iOS Apprentice/Chapter 3 - MyLocations/Resources/Launch Images";
			sourceTree = "<group>";
		};
/* End PBXGroup section */

/* Begin PBXNativeTarget section */
		CD7DCFF01549CDA200B9A28F /* MyLocations */ = {
			isa = PBXNativeTarget;
			buildConfigurationList = CD7DD01A1549CDA200B9A28F /* Build configuration list for PBXNativeTarget "MyLocations" */;
			buildPhases = (
				CD7DCFED1549CDA200B9A28F /* Sources */,
				CD7DCFEE1549CDA200B9A28F /* Frameworks */,
				CD7DCFEF1549CDA200B9A28F /* Resources */,
			);
			buildRules = (
			);
			dependencies = (
			);
			name = MyLocations;
			productName = MyLocations;
			productReference = CD7DCFF11549CDA200B9A28F /* MyLocations.app */;
			productType = "com.apple.product-type.application";
		};
/* End PBXNativeTarget section */

/* Begin PBXProject section */
		CD7DCFE81549CDA200B9A28F /* Project object */ = {
			isa = PBXProject;
			attributes = {
				LastUpgradeCheck = 0430;
			};
			buildConfigurationList = CD7DCFEB1549CDA200B9A28F /* Build configuration list for PBXProject "MyLocations" */;
			compatibilityVersion = "Xcode 3.2";
			developmentRegion = English;
			hasScannedForEncodings = 0;
			knownRegions = (
				en,
			);
			mainGroup = CD7DCFE61549CDA200B9A28F;
			productRefGroup = CD7DCFF21549CDA200B9A28F /* Products */;
			projectDirPath = "";
			projectRoot = "";
			targets = (
				CD7DCFF01549CDA200B9A28F /* MyLocations */,
			);
		};
/* End PBXProject section */

/* Begin PBXResourcesBuildPhase section */
		CD7DCFEF1549CDA200B9A28F /* Resources */ = {
			isa = PBXResourcesBuildPhase;
			buildActionMask = 2147483647;
			files = (
				CD7DD0001549CDA200B9A28F /* InfoPlist.strings in Resources */,
				CD7DD0091549CDA200B9A28F /* MainStoryboard.storyboard in Resources */,
				CD685A4B154A82290005BE20 /* Checkmark.png in Resources */,
				CD685A4C154A82290005BE20 /* Checkmark@2x.png in Resources */,
				CDB2E02E154D20BC004627E4 /* Icon-72.png in Resources */,
				CDB2E02F154D20BC004627E4 /* Icon-Small-50.png in Resources */,
				CDB2E030154D20BC004627E4 /* Icon-Small.png in Resources */,
				CDB2E031154D20BC004627E4 /* Icon-Small@2x.png in Resources */,
				CDB2E032154D20BC004627E4 /* Icon.png in Resources */,
				CDB2E033154D20BC004627E4 /* Icon@2x.png in Resources */,
				CDB2E034154D20BC004627E4 /* iTunesArtwork in Resources */,
				CDB2E050154D2241004627E4 /* Background.png in Resources */,
				CDB2E051154D2241004627E4 /* Background@2x.png in Resources */,
				CDB2E052154D2241004627E4 /* BlueButton.png in Resources */,
				CDB2E053154D2241004627E4 /* BlueButton@2x.png in Resources */,
				CDB2E054154D2241004627E4 /* BlueButtonPressed.png in Resources */,
				CDB2E055154D2241004627E4 /* BlueButtonPressed@2x.png in Resources */,
				CDB2E058154D2241004627E4 /* Locations.png in Resources */,
				CDB2E059154D2241004627E4 /* Locations@2x.png in Resources */,
				CDB2E05A154D2241004627E4 /* Logo.png in Resources */,
				CDB2E05B154D2241004627E4 /* Logo@2x.png in Resources */,
				CDB2E05C154D2241004627E4 /* Map.png in Resources */,
				CDB2E05D154D2241004627E4 /* Map@2x.png in Resources */,
				CDB2E05E154D2241004627E4 /* Panel.png in Resources */,
				CDB2E05F154D2241004627E4 /* Panel@2x.png in Resources */,
				CDB2E060154D2241004627E4 /* Pin.png in Resources */,
				CDB2E061154D2241004627E4 /* Pin@2x.png in Resources */,
				CDB2E062154D2241004627E4 /* Tag.png in Resources */,
				CDB2E063154D2241004627E4 /* Tag@2x.png in Resources */,
				CDB2E064154D2241004627E4 /* User.png in Resources */,
				CDB2E065154D2241004627E4 /* User@2x.png in Resources */,
				CDB2E066154D2241004627E4 /* YellowButton.png in Resources */,
				CDB2E067154D2241004627E4 /* YellowButton@2x.png in Resources */,
				CDB2E068154D2241004627E4 /* YellowButtonPressed.png in Resources */,
				CDB2E069154D2241004627E4 /* YellowButtonPressed@2x.png in Resources */,
				CDB2E06E154D2E1A004627E4 /* Sound.caf in Resources */,
				CDB2E074154D3287004627E4 /* Default.png in Resources */,
				CDB2E075154D3287004627E4 /* Default@2x.png in Resources */,
			);
			runOnlyForDeploymentPostprocessing = 0;
		};
/* End PBXResourcesBuildPhase section */

/* Begin PBXSourcesBuildPhase section */
		CD7DCFED1549CDA200B9A28F /* Sources */ = {
			isa = PBXSourcesBuildPhase;
			buildActionMask = 2147483647;
			files = (
				CD7DD0021549CDA200B9A28F /* main.m in Sources */,
				CD7DD0061549CDA200B9A28F /* AppDelegate.m in Sources */,
				CD7DD00C1549CDA200B9A28F /* CurrentLocationViewController.m in Sources */,
				CD685A42154A61F80005BE20 /* LocationDetailsViewController.m in Sources */,
				CD685A45154A754F0005BE20 /* CategoryPickerViewController.m in Sources */,
				CD685A48154A7FE90005BE20 /* HudView.m in Sources */,
				CD1AB140154B0A8300369EB3 /* DataModel.xcdatamodeld in Sources */,
				CD1AB143154B0BD400369EB3 /* Location.m in Sources */,
				CD83AC71154BC0E400FE7D9F /* LocationsViewController.m in Sources */,
				CDF5A88B154BC6E80022D95E /* LocationCell.m in Sources */,
				CDB2E01F154CE2AA004627E4 /* MapViewController.m in Sources */,
				CDB2E022154D19E5004627E4 /* UIImage+Resize.m in Sources */,
				CDB2E025154D1EE0004627E4 /* NSMutableString+AddText.m in Sources */,
			);
			runOnlyForDeploymentPostprocessing = 0;
		};
/* End PBXSourcesBuildPhase section */

/* Begin PBXVariantGroup section */
		CD7DCFFE1549CDA200B9A28F /* InfoPlist.strings */ = {
			isa = PBXVariantGroup;
			children = (
				CD7DCFFF1549CDA200B9A28F /* en */,
			);
			name = InfoPlist.strings;
			sourceTree = "<group>";
		};
		CD7DD0071549CDA200B9A28F /* MainStoryboard.storyboard */ = {
			isa = PBXVariantGroup;
			children = (
				CD7DD0081549CDA200B9A28F /* en */,
			);
			name = MainStoryboard.storyboard;
			sourceTree = "<group>";
		};
/* End PBXVariantGroup section */

/* Begin XCBuildConfiguration section */
		CD7DD0181549CDA200B9A28F /* Debug */ = {
			isa = XCBuildConfiguration;
			buildSettings = {
				ALWAYS_SEARCH_USER_PATHS = NO;
				ARCHS = "$(ARCHS_STANDARD_32_BIT)";
				CLANG_ENABLE_OBJC_ARC = YES;
				"CODE_SIGN_IDENTITY[sdk=iphoneos*]" = "iPhone Developer";
				COPY_PHASE_STRIP = NO;
				GCC_C_LANGUAGE_STANDARD = gnu99;
				GCC_DYNAMIC_NO_PIC = NO;
				GCC_OPTIMIZATION_LEVEL = 0;
				GCC_PREPROCESSOR_DEFINITIONS = (
					"DEBUG=1",
					"$(inherited)",
				);
				GCC_SYMBOLS_PRIVATE_EXTERN = NO;
				GCC_VERSION = com.apple.compilers.llvm.clang.1_0;
				GCC_WARN_ABOUT_RETURN_TYPE = YES;
				GCC_WARN_UNINITIALIZED_AUTOS = YES;
				GCC_WARN_UNUSED_VARIABLE = YES;
				IPHONEOS_DEPLOYMENT_TARGET = 5.1;
				SDKROOT = iphoneos;
			};
			name = Debug;
		};
		CD7DD0191549CDA200B9A28F /* Release */ = {
			isa = XCBuildConfiguration;
			buildSettings = {
				ALWAYS_SEARCH_USER_PATHS = NO;
				ARCHS = "$(ARCHS_STANDARD_32_BIT)";
				CLANG_ENABLE_OBJC_ARC = YES;
				"CODE_SIGN_IDENTITY[sdk=iphoneos*]" = "iPhone Developer";
				COPY_PHASE_STRIP = YES;
				GCC_C_LANGUAGE_STANDARD = gnu99;
				GCC_VERSION = com.apple.compilers.llvm.clang.1_0;
				GCC_WARN_ABOUT_RETURN_TYPE = YES;
				GCC_WARN_UNINITIALIZED_AUTOS = YES;
				GCC_WARN_UNUSED_VARIABLE = YES;
				IPHONEOS_DEPLOYMENT_TARGET = 5.1;
				OTHER_CFLAGS = "-DNS_BLOCK_ASSERTIONS=1";
				SDKROOT = iphoneos;
				VALIDATE_PRODUCT = YES;
			};
			name = Release;
		};
		CD7DD01B1549CDA200B9A28F /* Debug */ = {
			isa = XCBuildConfiguration;
			buildSettings = {
				GCC_PRECOMPILE_PREFIX_HEADER = YES;
				GCC_PREFIX_HEADER = "MyLocations/MyLocations-Prefix.pch";
				INFOPLIST_FILE = "MyLocations/MyLocations-Info.plist";
				PRODUCT_NAME = "$(TARGET_NAME)";
				WRAPPER_EXTENSION = app;
			};
			name = Debug;
		};
		CD7DD01C1549CDA200B9A28F /* Release */ = {
			isa = XCBuildConfiguration;
			buildSettings = {
				GCC_PRECOMPILE_PREFIX_HEADER = YES;
				GCC_PREFIX_HEADER = "MyLocations/MyLocations-Prefix.pch";
				INFOPLIST_FILE = "MyLocations/MyLocations-Info.plist";
				PRODUCT_NAME = "$(TARGET_NAME)";
				WRAPPER_EXTENSION = app;
			};
			name = Release;
		};
/* End XCBuildConfiguration section */

/* Begin XCConfigurationList section */
		CD7DCFEB1549CDA200B9A28F /* Build configuration list for PBXProject "MyLocations" */ = {
			isa = XCConfigurationList;
			buildConfigurations = (
				CD7DD0181549CDA200B9A28F /* Debug */,
				CD7DD0191549CDA200B9A28F /* Release */,
			);
			defaultConfigurationIsVisible = 0;
			defaultConfigurationName = Release;
		};
		CD7DD01A1549CDA200B9A28F /* Build configuration list for PBXNativeTarget "MyLocations" */ = {
			isa = XCConfigurationList;
			buildConfigurations = (
				CD7DD01B1549CDA200B9A28F /* Debug */,
				CD7DD01C1549CDA200B9A28F /* Release */,
			);
			defaultConfigurationIsVisible = 0;
			defaultConfigurationName = Release;
		};
/* End XCConfigurationList section */

/* Begin XCVersionGroup section */
		CD1AB13E154B0A8300369EB3 /* DataModel.xcdatamodeld */ = {
			isa = XCVersionGroup;
			children = (
				CD1AB13F154B0A8300369EB3 /* DataModel.xcdatamodel */,
			);
			currentVersion = CD1AB13F154B0A8300369EB3 /* DataModel.xcdatamodel */;
			path = DataModel.xcdatamodeld;
			sourceTree = "<group>";
			versionGroupType = wrapper.xcdatamodel;
		};
/* End XCVersionGroup section */
	};
	rootObject = CD7DCFE81549CDA200B9A28F /* Project object */;
}
